
Microsoft Visual Studio Solution File, Format Version 12.00
Project("{FAE04EC0-301F-11D3-BF4B-00C04F79EFBC}") = "BackEnd.Api", "BackEnd.Api\BackEnd.Api.csproj", "{89A75538-5EDA-406D-98C4-1FBC3A7C2488}"
EndProject
Project("{2150E333-8FDC-42A3-9474-1A3956D46DE8}") = "src", "src", "{22B1061C-F94F-4C78-B835-53C74F331B87}"
EndProject
Global
	GlobalSection(SolutionConfigurationPlatforms) = preSolution
		Debug|Any CPU = Debug|Any CPU
		Release|Any CPU = Release|Any CPU
	EndGlobalSection
	GlobalSection(ProjectConfigurationPlatforms) = postSolution
		{89A75538-5EDA-406D-98C4-1FBC3A7C2488}.Debug|Any CPU.ActiveCfg = Debug|Any CPU
		{89A75538-5EDA-406D-98C4-1FBC3A7C2488}.Debug|Any CPU.Build.0 = Debug|Any CPU
		{89A75538-5EDA-406D-98C4-1FBC3A7C2488}.Release|Any CPU.ActiveCfg = Release|Any CPU
		{89A75538-5EDA-406D-98C4-1FBC3A7C2488}.Release|Any CPU.Build.0 = Release|Any CPU
	EndGlobalSection
	GlobalSection(NestedProjects) = preSolution
		{89A75538-5EDA-406D-98C4-1FBC3A7C2488} = {22B1061C-F94F-4C78-B835-53C74F331B87}
	EndGlobalSection
EndGlobal
